# This file is automatically @generated by Cargo.
# It is not intended for manual editing.
version = 3

[[package]]
name = "libc"
version = "0.2.186"
source = "registry+https://github.com/rust-lang/crates.io-index"
checksum = "68ab91017fe16c622486840e4c83c9a37afeff978bd239b5293d61ece587de66"

[[package]]
name = "log"
version = "0.4.29"
source = "registry+https://github.com/rust-lang/crates.io-index"
checksum = "5e5032e24019045c762d3c0f28f5b6b8bbf38563a65908389bf7978758920897"

[[package]]
name = "pin-project-lite"
version = "0.2.17"
source = "registry+https://github.com/rust-lang/crates.io-index"
checksum = "a89322df9ebe1c1578d689c92318e070967d1042b512afbe49518723f4e6d5cd"

[[package]]
name = "tizen"
version = "0.1.0"
dependencies = [
 "tizen-app",
 "tizen-dlog",
]

[[package]]
name = "tizen-app"
version = "0.1.0"
dependencies = [
 "libc",
 "log",
 "tizen-app-sys",
 "tokio",
]

[[package]]
name = "tizen-app-sys"
version = "0.1.0"

[[package]]
name = "tizen-dlog"
version = "0.1.0"
dependencies = [
 "libc",
 "log",
 "tizen-dlog-sys",
]

[[package]]
name = "tizen-dlog-sys"
version = "0.1.0"

[[package]]
name = "tokio"
version = "1.52.3"
source = "registry+https://github.com/rust-lang/crates.io-index"
checksum = "8fc7f01b389ac15039e4dc9531aa973a135d7a4135281b12d7c1bc79fd57fffe"
dependencies = [
 "pin-project-lite",
]
